
Microsoft Visual Studio Solution File, Format Version 12.00
Project("{FAE04EC0-301F-11D3-BF4B-00C04F79EFBC}") = "Bowling", "Bowling\Bowling.csproj", "{F54F9873-EB71-458C-999F-592C3E84E396}"
EndProject
Project("{FAE04EC0-301F-11D3-BF4B-00C04F79EFBC}") = "Bowling.Tests", "Bowling.Tests\Bowling.Tests.csproj", "{382A8150-E094-4E23-A6EA-2F3068254B57}"
EndProject
Global
	GlobalSection(SolutionConfigurationPlatforms) = preSolution
		Debug|Any CPU = Debug|Any CPU
		Release|Any CPU = Release|Any CPU
	EndGlobalSection
	GlobalSection(ProjectConfigurationPlatforms) = postSolution
		{F54F9873-EB71-458C-999F-592C3E84E396}.Debug|Any CPU.ActiveCfg = Debug|Any CPU
		{F54F9873-EB71-458C-999F-592C3E84E396}.Debug|Any CPU.Build.0 = Debug|Any CPU
		{F54F9873-EB71-458C-999F-592C3E84E396}.Release|Any CPU.ActiveCfg = Release|Any CPU
		{F54F9873-EB71-458C-999F-592C3E84E396}.Release|Any CPU.Build.0 = Release|Any CPU
		{382A8150-E094-4E23-A6EA-2F3068254B57}.Debug|Any CPU.ActiveCfg = Debug|Any CPU
		{382A8150-E094-4E23-A6EA-2F3068254B57}.Debug|Any CPU.Build.0 = Debug|Any CPU
		{382A8150-E094-4E23-A6EA-2F3068254B57}.Release|Any CPU.ActiveCfg = Release|Any CPU
		{382A8150-E094-4E23-A6EA-2F3068254B57}.Release|Any CPU.Build.0 = Release|Any CPU
	EndGlobalSection
EndGlobal
